
Microsoft Visual Studio Solution File, Format Version 12.00
# Visual Studio Version 17
VisualStudioVersion = 17.6.33717.318
MinimumVisualStudioVersion = 10.0.40219.1
Project("{FAE04EC0-301F-11D3-BF4B-00C04F79EFBC}") = "Proyecto_POO", "Proyecto_POO.csproj", "{131F75B5-E8C9-4BA0-8C3F-504E7B64C76B}"
EndProject
Global
	GlobalSection(SolutionConfigurationPlatforms) = preSolution
		Debug|Any CPU = Debug|Any CPU
		Release|Any CPU = Release|Any CPU
	EndGlobalSection
	GlobalSection(ProjectConfigurationPlatforms) = postSolution
		{131F75B5-E8C9-4BA0-8C3F-504E7B64C76B}.Debug|Any CPU.ActiveCfg = Debug|Any CPU
		{131F75B5-E8C9-4BA0-8C3F-504E7B64C76B}.Debug|Any CPU.Build.0 = Debug|Any CPU
		{131F75B5-E8C9-4BA0-8C3F-504E7B64C76B}.Release|Any CPU.ActiveCfg = Release|Any CPU
		{131F75B5-E8C9-4BA0-8C3F-504E7B64C76B}.Release|Any CPU.Build.0 = Release|Any CPU
	EndGlobalSection
	GlobalSection(SolutionProperties) = preSolution
		HideSolutionNode = FALSE
	EndGlobalSection
	GlobalSection(ExtensibilityGlobals) = postSolution
		SolutionGuid = {A2BF9E6C-0876-449D-ACB8-D3768E8C674D}
	EndGlobalSection
EndGlobal
